<?xml version="1.0" encoding="utf-8"?>
<Project ToolsVersion="4.0" xmlns="http://schemas.microsoft.com/developer/msbuild/2003">
  <ItemGroup>
    <Filter Include="Source Files">
      <UniqueIdentifier>{4FC737F1-C7A5-4376-A066-2A32D752A2FF}</UniqueIdentifier>
      <Extensions>cpp;c;cc;cxx;def;odl;idl;hpj;bat;asm;asmx</Extensions>
    </Filter>
    <Filter Include="Header Files">
      <UniqueIdentifier>{93995380-89BD-4b04-88EB-625FBE52EBFB}</UniqueIdentifier>
      <Extensions>h;hh;hpp;hxx;hm;inl;inc;xsd</Extensions>
    </Filter>
    <Filter Include="Resource Files">
      <UniqueIdentifier>{67DA6AB6-F800-4c08-8B7A-83BB121AAD01}</UniqueIdentifier>
      <Extensions>rc;ico;cur;bmp;dlg;rc2;rct;bin;rgs;gif;jpg;jpeg;jpe;resx;tiff;tif;png;wav</Extensions>
    </Filter>
  </ItemGroup>
  <ItemGroup>
    <ClCompile Include="project\Bloat.cpp">
      <Filter>Source Files</Filter>
    </ClCompile>
    <ClCompile Include="project\gen.cpp">
      <Filter>Source Files</Filter>
    </ClCompile>
    <ClCompile Include="project\gen.singleheader.cpp">
      <Filter>Source Files</Filter>
    </ClCompile>
    <ClCompile Include="test\gen\build\meson-private\sanitycheckc.c">
      <Filter>Source Files</Filter>
    </ClCompile>
    <ClCompile Include="test\gen\build\meson-private\sanitycheckcpp.cc">
      <Filter>Source Files</Filter>
    </ClCompile>
    <ClCompile Include="test\test.cpp">
      <Filter>Source Files</Filter>
    </ClCompile>
  </ItemGroup>
  <ItemGroup>
    <ClInclude Include="project\Bloat.hpp">
      <Filter>Header Files</Filter>
    </ClInclude>
    <ClInclude Include="project\Bloat.redef.hpp">
      <Filter>Header Files</Filter>
    </ClInclude>
    <ClInclude Include="project\Bloat.undef.hpp">
      <Filter>Header Files</Filter>
    </ClInclude>
    <ClInclude Include="project\gen.hpp">
      <Filter>Header Files</Filter>
    </ClInclude>
    <ClInclude Include="thirdparty\zpl.h">
      <Filter>Header Files</Filter>
    </ClInclude>
    <ClInclude Include="test\Upfront\Sanity.hpp">
      <Filter>Header Files</Filter>
    </ClInclude>
  </ItemGroup>
  <ItemGroup>
    <None Include=".editorconfig" />
    <None Include="Readme.md" />
    <None Include="scripts\build.ci.ps1" />
    <None Include="scripts\build.ps1" />
    <None Include="scripts\clean.ps1" />
    <None Include="scripts\get_sources.ps1" />
    <None Include="scripts\meson.build" />
    <None Include="singleheader\genc.refactor" />
    <None Include="test\gen\meson.build" />
    <None Include="test\meson.build" />
    <None Include="test\Readme.md" />
  </ItemGroup>
  <ItemGroup>
    <Natvis Include=".vscode\gencpp.natvis" />
  </ItemGroup>
</Project>